// !$*UTF8*$!
{
	archiveVersion = 1;
	classes = {
	};
	objectVersion = 52;
	objects = {

/* Begin PBXBuildFile section */
		1C986D6F2601EB7200F76168 /* KakaoOpenSDK.framework in Frameworks */ = {isa = PBXBuildFile; fileRef = 1C986D6E2601EB7200F76168 /* KakaoOpenSDK.framework */; };
		1C986D762601ED9400F76168 /* kakaoAPI.swift in Sources */ = {isa = PBXBuildFile; fileRef = 1C986D752601ED9400F76168 /* kakaoAPI.swift */; };
		1C986D7A2601EE0A00F76168 /* Alamofire in Frameworks */ = {isa = PBXBuildFile; productRef = 1C986D792601EE0A00F76168 /* Alamofire */; };
		1C986D7E2601F3D600F76168 /* Moya in Frameworks */ = {isa = PBXBuildFile; productRef = 1C986D7D2601F3D600F76168 /* Moya */; };
		D43AA83C2611CD6800327175 /* ImageDetailViewController.swift in Sources */ = {isa = PBXBuildFile; fileRef = D43AA83B2611CD6800327175 /* ImageDetailViewController.swift */; };
		D4698CA42608AC460053866A /* KakaoSearcher.swift in Sources */ = {isa = PBXBuildFile; fileRef = D4698CA32608AC460053866A /* KakaoSearcher.swift */; };
		D4698CA72608AEB30053866A /* SearchResult.swift in Sources */ = {isa = PBXBuildFile; fileRef = D4698CA62608AEB30053866A /* SearchResult.swift */; };
		D4698CBD2608EF670053866A /* Constants.swift in Sources */ = {isa = PBXBuildFile; fileRef = D4698CBC2608EF670053866A /* Constants.swift */; };
		D49ACDD326098D3E0080D9B3 /* APIKey.plist in Resources */ = {isa = PBXBuildFile; fileRef = D49ACDD226098D3E0080D9B3 /* APIKey.plist */; };
		DECA30F925FEFBE000F94C8C /* AppDelegate.swift in Sources */ = {isa = PBXBuildFile; fileRef = DECA30F825FEFBE000F94C8C /* AppDelegate.swift */; };
		DECA30FB25FEFBE000F94C8C /* SceneDelegate.swift in Sources */ = {isa = PBXBuildFile; fileRef = DECA30FA25FEFBE000F94C8C /* SceneDelegate.swift */; };
		DECA30FD25FEFBE000F94C8C /* ImageCollectionViewController.swift in Sources */ = {isa = PBXBuildFile; fileRef = DECA30FC25FEFBE000F94C8C /* ImageCollectionViewController.swift */; };
		DECA310025FEFBE000F94C8C /* Main.storyboard in Resources */ = {isa = PBXBuildFile; fileRef = DECA30FE25FEFBE000F94C8C /* Main.storyboard */; };
		DECA310325FEFBE000F94C8C /* KakaoSearch.xcdatamodeld in Sources */ = {isa = PBXBuildFile; fileRef = DECA310125FEFBE000F94C8C /* KakaoSearch.xcdatamodeld */; };
		DECA310525FEFBE100F94C8C /* Assets.xcassets in Resources */ = {isa = PBXBuildFile; fileRef = DECA310425FEFBE100F94C8C /* Assets.xcassets */; };
		DECA310825FEFBE100F94C8C /* LaunchScreen.storyboard in Resources */ = {isa = PBXBuildFile; fileRef = DECA310625FEFBE100F94C8C /* LaunchScreen.storyboard */; };
		DECA311226004A3600F94C8C /* ImageCollectionViewCell.swift in Sources */ = {isa = PBXBuildFile; fileRef = DECA311126004A3500F94C8C /* ImageCollectionViewCell.swift */; };
/* End PBXBuildFile section */

/* Begin PBXFileReference section */
		1C986D6E2601EB7200F76168 /* KakaoOpenSDK.framework */ = {isa = PBXFileReference; lastKnownFileType = wrapper.framework; path = KakaoOpenSDK.framework; sourceTree = "<group>"; };
		1C986D752601ED9400F76168 /* kakaoAPI.swift */ = {isa = PBXFileReference; lastKnownFileType = sourcecode.swift; path = kakaoAPI.swift; sourceTree = "<group>"; };
		D43AA83B2611CD6800327175 /* ImageDetailViewController.swift */ = {isa = PBXFileReference; lastKnownFileType = sourcecode.swift; path = ImageDetailViewController.swift; sourceTree = "<group>"; };
		D4698CA32608AC460053866A /* KakaoSearcher.swift */ = {isa = PBXFileReference; lastKnownFileType = sourcecode.swift; path = KakaoSearcher.swift; sourceTree = "<group>"; };
		D4698CA62608AEB30053866A /* SearchResult.swift */ = {isa = PBXFileReference; lastKnownFileType = sourcecode.swift; path = SearchResult.swift; sourceTree = "<group>"; };
		D4698CBC2608EF670053866A /* Constants.swift */ = {isa = PBXFileReference; lastKnownFileType = sourcecode.swift; path = Constants.swift; sourceTree = "<group>"; };
		D49ACDD226098D3E0080D9B3 /* APIKey.plist */ = {isa = PBXFileReference; lastKnownFileType = text.plist.xml; path = APIKey.plist; sourceTree = "<group>"; };
		DECA30F525FEFBE000F94C8C /* KakaoSearch.app */ = {isa = PBXFileReference; explicitFileType = wrapper.application; includeInIndex = 0; path = KakaoSearch.app; sourceTree = BUILT_PRODUCTS_DIR; };
		DECA30F825FEFBE000F94C8C /* AppDelegate.swift */ = {isa = PBXFileReference; lastKnownFileType = sourcecode.swift; path = AppDelegate.swift; sourceTree = "<group>"; };
		DECA30FA25FEFBE000F94C8C /* SceneDelegate.swift */ = {isa = PBXFileReference; lastKnownFileType = sourcecode.swift; path = SceneDelegate.swift; sourceTree = "<group>"; };
		DECA30FC25FEFBE000F94C8C /* ImageCollectionViewController.swift */ = {isa = PBXFileReference; lastKnownFileType = sourcecode.swift; path = ImageCollectionViewController.swift; sourceTree = "<group>"; };
		DECA30FF25FEFBE000F94C8C /* Base */ = {isa = PBXFileReference; lastKnownFileType = file.storyboard; name = Base; path = Base.lproj/Main.storyboard; sourceTree = "<group>"; };
		DECA310225FEFBE000F94C8C /* APIDemo.xcdatamodel */ = {isa = PBXFileReference; lastKnownFileType = wrapper.xcdatamodel; path = APIDemo.xcdatamodel; sourceTree = "<group>"; };
		DECA310425FEFBE100F94C8C /* Assets.xcassets */ = {isa = PBXFileReference; lastKnownFileType = folder.assetcatalog; path = Assets.xcassets; sourceTree = "<group>"; };
		DECA310725FEFBE100F94C8C /* Base */ = {isa = PBXFileReference; lastKnownFileType = file.storyboard; name = Base; path = Base.lproj/LaunchScreen.storyboard; sourceTree = "<group>"; };
		DECA310925FEFBE100F94C8C /* Info.plist */ = {isa = PBXFileReference; lastKnownFileType = text.plist.xml; path = Info.plist; sourceTree = "<group>"; };
		DECA311126004A3500F94C8C /* ImageCollectionViewCell.swift */ = {isa = PBXFileReference; lastKnownFileType = sourcecode.swift; path = ImageCollectionViewCell.swift; sourceTree = "<group>"; };
/* End PBXFileReference section */

/* Begin PBXFrameworksBuildPhase section */
		DECA30F225FEFBE000F94C8C /* Frameworks */ = {
			isa = PBXFrameworksBuildPhase;
			buildActionMask = 2147483647;
			files = (
				1C986D6F2601EB7200F76168 /* KakaoOpenSDK.framework in Frameworks */,
				1C986D7A2601EE0A00F76168 /* Alamofire in Frameworks */,
				1C986D7E2601F3D600F76168 /* Moya in Frameworks */,
			);
			runOnlyForDeploymentPostprocessing = 0;
		};
/* End PBXFrameworksBuildPhase section */

/* Begin PBXGroup section */
		1C986D712601EBBA00F76168 /* Frameworks */ = {
			isa = PBXGroup;
			children = (
				1C986D6E2601EB7200F76168 /* KakaoOpenSDK.framework */,
			);
			path = Frameworks;
			sourceTree = "<group>";
		};
		D4698CA92608B18D0053866A /* Model */ = {
			isa = PBXGroup;
			children = (
				D4698CA32608AC460053866A /* KakaoSearcher.swift */,
				D4698CA62608AEB30053866A /* SearchResult.swift */,
				1C986D752601ED9400F76168 /* kakaoAPI.swift */,
				D4698CBC2608EF670053866A /* Constants.swift */,
			);
			path = Model;
			sourceTree = "<group>";
		};
		D4B225E72611C5FA0041529C /* Controller */ = {
			isa = PBXGroup;
			children = (
				DECA30FC25FEFBE000F94C8C /* ImageCollectionViewController.swift */,
				D43AA83B2611CD6800327175 /* ImageDetailViewController.swift */,
			);
			path = Controller;
			sourceTree = "<group>";
		};
		D4B225E82611C6550041529C /* View */ = {
			isa = PBXGroup;
			children = (
				DECA310625FEFBE100F94C8C /* LaunchScreen.storyboard */,
				DECA30FE25FEFBE000F94C8C /* Main.storyboard */,
				DECA311126004A3500F94C8C /* ImageCollectionViewCell.swift */,
			);
			path = View;
			sourceTree = "<group>";
		};
		DECA30EC25FEFBDF00F94C8C = {
			isa = PBXGroup;
			children = (
				DECA30F725FEFBE000F94C8C /* KakaoSearch */,
				1C986D712601EBBA00F76168 /* Frameworks */,
				DECA30F625FEFBE000F94C8C /* Products */,
			);
			sourceTree = "<group>";
		};
		DECA30F625FEFBE000F94C8C /* Products */ = {
			isa = PBXGroup;
			children = (
				DECA30F525FEFBE000F94C8C /* KakaoSearch.app */,
			);
			name = Products;
			sourceTree = "<group>";
		};
		DECA30F725FEFBE000F94C8C /* KakaoSearch */ = {
			isa = PBXGroup;
			children = (
				D4698CA92608B18D0053866A /* Model */,
				D4B225E72611C5FA0041529C /* Controller */,
				D4B225E82611C6550041529C /* View */,
				DECA30F825FEFBE000F94C8C /* AppDelegate.swift */,
				DECA30FA25FEFBE000F94C8C /* SceneDelegate.swift */,
				DECA310425FEFBE100F94C8C /* Assets.xcassets */,
				DECA310925FEFBE100F94C8C /* Info.plist */,
				DECA310125FEFBE000F94C8C /* KakaoSearch.xcdatamodeld */,
				D49ACDD226098D3E0080D9B3 /* APIKey.plist */,
			);
			path = KakaoSearch;
			sourceTree = "<group>";
		};
/* End PBXGroup section */

/* Begin PBXNativeTarget section */
		DECA30F425FEFBE000F94C8C /* KakaoSearch */ = {
			isa = PBXNativeTarget;
			buildConfigurationList = DECA310C25FEFBE100F94C8C /* Build configuration list for PBXNativeTarget "KakaoSearch" */;
			buildPhases = (
				DECA30F125FEFBE000F94C8C /* Sources */,
				DECA30F225FEFBE000F94C8C /* Frameworks */,
				DECA30F325FEFBE000F94C8C /* Resources */,
			);
			buildRules = (
			);
			dependencies = (
			);
			name = KakaoSearch;
			packageProductDependencies = (
				1C986D792601EE0A00F76168 /* Alamofire */,
				1C986D7D2601F3D600F76168 /* Moya */,
			);
			productName = APIDemo;
			productReference = DECA30F525FEFBE000F94C8C /* KakaoSearch.app */;
			productType = "com.apple.product-type.application";
		};
/* End PBXNativeTarget section */

/* Begin PBXProject section */
		DECA30ED25FEFBDF00F94C8C /* Project object */ = {
			isa = PBXProject;
			attributes = {
				LastSwiftUpdateCheck = 1240;
				LastUpgradeCheck = 1240;
				TargetAttributes = {
					DECA30F425FEFBE000F94C8C = {
						CreatedOnToolsVersion = 12.4;
					};
				};
			};
			buildConfigurationList = DECA30F025FEFBDF00F94C8C /* Build configuration list for PBXProject "KakaoSearch" */;
			compatibilityVersion = "Xcode 9.3";
			developmentRegion = en;
			hasScannedForEncodings = 0;
			knownRegions = (
				en,
				Base,
			);
			mainGroup = DECA30EC25FEFBDF00F94C8C;
			packageReferences = (
				1C986D782601EE0A00F76168 /* XCRemoteSwiftPackageReference "Alamofire" */,
				1C986D7C2601F3D600F76168 /* XCRemoteSwiftPackageReference "Moya" */,
			);
			productRefGroup = DECA30F625FEFBE000F94C8C /* Products */;
			projectDirPath = "";
			projectRoot = "";
			targets = (
				DECA30F425FEFBE000F94C8C /* KakaoSearch */,
			);
		};
/* End PBXProject section */

/* Begin PBXResourcesBuildPhase section */
		DECA30F325FEFBE000F94C8C /* Resources */ = {
			isa = PBXResourcesBuildPhase;
			buildActionMask = 2147483647;
			files = (
				DECA310825FEFBE100F94C8C /* LaunchScreen.storyboard in Resources */,
				D49ACDD326098D3E0080D9B3 /* APIKey.plist in Resources */,
				DECA310525FEFBE100F94C8C /* Assets.xcassets in Resources */,
				DECA310025FEFBE000F94C8C /* Main.storyboard in Resources */,
			);
			runOnlyForDeploymentPostprocessing = 0;
		};
/* End PBXResourcesBuildPhase section */

/* Begin PBXSourcesBuildPhase section */
		DECA30F125FEFBE000F94C8C /* Sources */ = {
			isa = PBXSourcesBuildPhase;
			buildActionMask = 2147483647;
			files = (
				DECA311226004A3600F94C8C /* ImageCollectionViewCell.swift in Sources */,
				DECA30FD25FEFBE000F94C8C /* ImageCollectionViewController.swift in Sources */,
				D4698CA72608AEB30053866A /* SearchResult.swift in Sources */,
				1C986D762601ED9400F76168 /* kakaoAPI.swift in Sources */,
				D4698CA42608AC460053866A /* KakaoSearcher.swift in Sources */,
				DECA30F925FEFBE000F94C8C /* AppDelegate.swift in Sources */,
				DECA30FB25FEFBE000F94C8C /* SceneDelegate.swift in Sources */,
				DECA310325FEFBE000F94C8C /* KakaoSearch.xcdatamodeld in Sources */,
				D4698CBD2608EF670053866A /* Constants.swift in Sources */,
				D43AA83C2611CD6800327175 /* ImageDetailViewController.swift in Sources */,
			);
			runOnlyForDeploymentPostprocessing = 0;
		};
/* End PBXSourcesBuildPhase section */

/* Begin PBXVariantGroup section */
		DECA30FE25FEFBE000F94C8C /* Main.storyboard */ = {
			isa = PBXVariantGroup;
			children = (
				DECA30FF25FEFBE000F94C8C /* Base */,
			);
			name = Main.storyboard;
			sourceTree = "<group>";
		};
		DECA310625FEFBE100F94C8C /* LaunchScreen.storyboard */ = {
			isa = PBXVariantGroup;
			children = (
				DECA310725FEFBE100F94C8C /* Base */,
			);
			name = LaunchScreen.storyboard;
			sourceTree = "<group>";
		};
/* End PBXVariantGroup section */

/* Begin XCBuildConfiguration section */
		DECA310A25FEFBE100F94C8C /* Debug */ = {
			isa = XCBuildConfiguration;
			buildSettings = {
				ALWAYS_SEARCH_USER_PATHS = NO;
				CLANG_ANALYZER_NONNULL = YES;
				CLANG_ANALYZER_NUMBER_OBJECT_CONVERSION = YES_AGGRESSIVE;
				CLANG_CXX_LANGUAGE_STANDARD = "gnu++14";
				CLANG_CXX_LIBRARY = "libc++";
				CLANG_ENABLE_MODULES = YES;
				CLANG_ENABLE_OBJC_ARC = YES;
				CLANG_ENABLE_OBJC_WEAK = YES;
				CLANG_WARN_BLOCK_CAPTURE_AUTORELEASING = YES;
				CLANG_WARN_BOOL_CONVERSION = YES;
				CLANG_WARN_COMMA = YES;
				CLANG_WARN_CONSTANT_CONVERSION = YES;
				CLANG_WARN_DEPRECATED_OBJC_IMPLEMENTATIONS = YES;
				CLANG_WARN_DIRECT_OBJC_ISA_USAGE = YES_ERROR;
				CLANG_WARN_DOCUMENTATION_COMMENTS = YES;
				CLANG_WARN_EMPTY_BODY = YES;
				CLANG_WARN_ENUM_CONVERSION = YES;
				CLANG_WARN_INFINITE_RECURSION = YES;
				CLANG_WARN_INT_CONVERSION = YES;
				CLANG_WARN_NON_LITERAL_NULL_CONVERSION = YES;
				CLANG_WARN_OBJC_IMPLICIT_RETAIN_SELF = YES;
				CLANG_WARN_OBJC_LITERAL_CONVERSION = YES;
				CLANG_WARN_OBJC_ROOT_CLASS = YES_ERROR;
				CLANG_WARN_QUOTED_INCLUDE_IN_FRAMEWORK_HEADER = YES;
				CLANG_WARN_RANGE_LOOP_ANALYSIS = YES;
				CLANG_WARN_STRICT_PROTOTYPES = YES;
				CLANG_WARN_SUSPICIOUS_MOVE = YES;
				CLANG_WARN_UNGUARDED_AVAILABILITY = YES_AGGRESSIVE;
				CLANG_WARN_UNREACHABLE_CODE = YES;
				CLANG_WARN__DUPLICATE_METHOD_MATCH = YES;
				COPY_PHASE_STRIP = NO;
				DEBUG_INFORMATION_FORMAT = dwarf;
				ENABLE_STRICT_OBJC_MSGSEND = YES;
				ENABLE_TESTABILITY = YES;
				GCC_C_LANGUAGE_STANDARD = gnu11;
				GCC_DYNAMIC_NO_PIC = NO;
				GCC_NO_COMMON_BLOCKS = YES;
				GCC_OPTIMIZATION_LEVEL = 0;
				GCC_PREPROCESSOR_DEFINITIONS = (
					"DEBUG=1",
					"$(inherited)",
				);
				GCC_WARN_64_TO_32_BIT_CONVERSION = YES;
				GCC_WARN_ABOUT_RETURN_TYPE = YES_ERROR;
				GCC_WARN_UNDECLARED_SELECTOR = YES;
				GCC_WARN_UNINITIALIZED_AUTOS = YES_AGGRESSIVE;
				GCC_WARN_UNUSED_FUNCTION = YES;
				GCC_WARN_UNUSED_VARIABLE = YES;
				IPHONEOS_DEPLOYMENT_TARGET = 14.4;
				MTL_ENABLE_DEBUG_INFO = INCLUDE_SOURCE;
				MTL_FAST_MATH = YES;
				ONLY_ACTIVE_ARCH = YES;
				SDKROOT = iphoneos;
				SWIFT_ACTIVE_COMPILATION_CONDITIONS = DEBUG;
				SWIFT_OPTIMIZATION_LEVEL = "-Onone";
			};
			name = Debug;
		};
		DECA310B25FEFBE100F94C8C /* Release */ = {
			isa = XCBuildConfiguration;
			buildSettings = {
				ALWAYS_SEARCH_USER_PATHS = NO;
				CLANG_ANALYZER_NONNULL = YES;
				CLANG_ANALYZER_NUMBER_OBJECT_CONVERSION = YES_AGGRESSIVE;
				CLANG_CXX_LANGUAGE_STANDARD = "gnu++14";
				CLANG_CXX_LIBRARY = "libc++";
				CLANG_ENABLE_MODULES = YES;
				CLANG_ENABLE_OBJC_ARC = YES;
				CLANG_ENABLE_OBJC_WEAK = YES;
				CLANG_WARN_BLOCK_CAPTURE_AUTORELEASING = YES;
				CLANG_WARN_BOOL_CONVERSION = YES;
				CLANG_WARN_COMMA = YES;
				CLANG_WARN_CONSTANT_CONVERSION = YES;
				CLANG_WARN_DEPRECATED_OBJC_IMPLEMENTATIONS = YES;
				CLANG_WARN_DIRECT_OBJC_ISA_USAGE = YES_ERROR;
				CLANG_WARN_DOCUMENTATION_COMMENTS = YES;
				CLANG_WARN_EMPTY_BODY = YES;
				CLANG_WARN_ENUM_CONVERSION = YES;
				CLANG_WARN_INFINITE_RECURSION = YES;
				CLANG_WARN_INT_CONVERSION = YES;
				CLANG_WARN_NON_LITERAL_NULL_CONVERSION = YES;
				CLANG_WARN_OBJC_IMPLICIT_RETAIN_SELF = YES;
				CLANG_WARN_OBJC_LITERAL_CONVERSION = YES;
				CLANG_WARN_OBJC_ROOT_CLASS = YES_ERROR;
				CLANG_WARN_QUOTED_INCLUDE_IN_FRAMEWORK_HEADER = YES;
				CLANG_WARN_RANGE_LOOP_ANALYSIS = YES;
				CLANG_WARN_STRICT_PROTOTYPES = YES;
				CLANG_WARN_SUSPICIOUS_MOVE = YES;
				CLANG_WARN_UNGUARDED_AVAILABILITY = YES_AGGRESSIVE;
				CLANG_WARN_UNREACHABLE_CODE = YES;
				CLANG_WARN__DUPLICATE_METHOD_MATCH = YES;
				COPY_PHASE_STRIP = NO;
				DEBUG_INFORMATION_FORMAT = "dwarf-with-dsym";
				ENABLE_NS_ASSERTIONS = NO;
				ENABLE_STRICT_OBJC_MSGSEND = YES;
				GCC_C_LANGUAGE_STANDARD = gnu11;
				GCC_NO_COMMON_BLOCKS = YES;
				GCC_WARN_64_TO_32_BIT_CONVERSION = YES;
				GCC_WARN_ABOUT_RETURN_TYPE = YES_ERROR;
				GCC_WARN_UNDECLARED_SELECTOR = YES;
				GCC_WARN_UNINITIALIZED_AUTOS = YES_AGGRESSIVE;
				GCC_WARN_UNUSED_FUNCTION = YES;
				GCC_WARN_UNUSED_VARIABLE = YES;
				IPHONEOS_DEPLOYMENT_TARGET = 14.4;
				MTL_ENABLE_DEBUG_INFO = NO;
				MTL_FAST_MATH = YES;
				SDKROOT = iphoneos;
				SWIFT_COMPILATION_MODE = wholemodule;
				SWIFT_OPTIMIZATION_LEVEL = "-O";
				VALIDATE_PRODUCT = YES;
			};
			name = Release;
		};
		DECA310D25FEFBE100F94C8C /* Debug */ = {
			isa = XCBuildConfiguration;
			buildSettings = {
				ASSETCATALOG_COMPILER_APPICON_NAME = AppIcon;
				ASSETCATALOG_COMPILER_GLOBAL_ACCENT_COLOR_NAME = AccentColor;
				CODE_SIGN_STYLE = Automatic;
				DEVELOPMENT_TEAM = 9667HQFPGB;
				FRAMEWORK_SEARCH_PATHS = (
					"$(inherited)",
					"$(PROJECT_DIR)/Frameworks",
					"$(PROJECT_DIR)/KakaoSearch",
				);
				INFOPLIST_FILE = KakaoSearch/Info.plist;
				LD_RUNPATH_SEARCH_PATHS = (
					"$(inherited)",
					"@executable_path/Frameworks",
				);
				OTHER_LIBTOOLFLAGS = "-all_load";
				PRODUCT_BUNDLE_IDENTIFIER = com.sio2whocodes.KakaoSearch;
				PRODUCT_NAME = "$(TARGET_NAME)";
				SWIFT_VERSION = 5.0;
				TARGETED_DEVICE_FAMILY = 1;
			};
			name = Debug;
		};
		DECA310E25FEFBE100F94C8C /* Release */ = {
			isa = XCBuildConfiguration;
			buildSettings = {
				ASSETCATALOG_COMPILER_APPICON_NAME = AppIcon;
				ASSETCATALOG_COMPILER_GLOBAL_ACCENT_COLOR_NAME = AccentColor;
				CODE_SIGN_STYLE = Automatic;
				DEVELOPMENT_TEAM = 9667HQFPGB;
				FRAMEWORK_SEARCH_PATHS = (
					"$(inherited)",
					"$(PROJECT_DIR)/Frameworks",
					"$(PROJECT_DIR)/KakaoSearch",
				);
				INFOPLIST_FILE = KakaoSearch/Info.plist;
				LD_RUNPATH_SEARCH_PATHS = (
					"$(inherited)",
					"@executable_path/Frameworks",
				);
				OTHER_LIBTOOLFLAGS = "-all_load";
				PRODUCT_BUNDLE_IDENTIFIER = com.sio2whocodes.KakaoSearch;
				PRODUCT_NAME = "$(TARGET_NAME)";
				SWIFT_VERSION = 5.0;
				TARGETED_DEVICE_FAMILY = 1;
			};
			name = Release;
		};
/* End XCBuildConfiguration section */

/* Begin XCConfigurationList section */
		DECA30F025FEFBDF00F94C8C /* Build configuration list for PBXProject "KakaoSearch" */ = {
			isa = XCConfigurationList;
			buildConfigurations = (
				DECA310A25FEFBE100F94C8C /* Debug */,
				DECA310B25FEFBE100F94C8C /* Release */,
			);
			defaultConfigurationIsVisible = 0;
			defaultConfigurationName = Release;
		};
		DECA310C25FEFBE100F94C8C /* Build configuration list for PBXNativeTarget "KakaoSearch" */ = {
			isa = XCConfigurationList;
			buildConfigurations = (
				DECA310D25FEFBE100F94C8C /* Debug */,
				DECA310E25FEFBE100F94C8C /* Release */,
			);
			defaultConfigurationIsVisible = 0;
			defaultConfigurationName = Release;
		};
/* End XCConfigurationList section */

/* Begin XCRemoteSwiftPackageReference section */
		1C986D782601EE0A00F76168 /* XCRemoteSwiftPackageReference "Alamofire" */ = {
			isa = XCRemoteSwiftPackageReference;
			repositoryURL = "https://github.com/Alamofire/Alamofire";
			requirement = {
				kind = upToNextMajorVersion;
				minimumVersion = 5.4.1;
			};
		};
		1C986D7C2601F3D600F76168 /* XCRemoteSwiftPackageReference "Moya" */ = {
			isa = XCRemoteSwiftPackageReference;
			repositoryURL = "https://github.com/Moya/Moya";
			requirement = {
				kind = upToNextMajorVersion;
				minimumVersion = 14.0.1;
			};
		};
/* End XCRemoteSwiftPackageReference section */

/* Begin XCSwiftPackageProductDependency section */
		1C986D792601EE0A00F76168 /* Alamofire */ = {
			isa = XCSwiftPackageProductDependency;
			package = 1C986D782601EE0A00F76168 /* XCRemoteSwiftPackageReference "Alamofire" */;
			productName = Alamofire;
		};
		1C986D7D2601F3D600F76168 /* Moya */ = {
			isa = XCSwiftPackageProductDependency;
			package = 1C986D7C2601F3D600F76168 /* XCRemoteSwiftPackageReference "Moya" */;
			productName = Moya;
		};
/* End XCSwiftPackageProductDependency section */

/* Begin XCVersionGroup section */
		DECA310125FEFBE000F94C8C /* KakaoSearch.xcdatamodeld */ = {
			isa = XCVersionGroup;
			children = (
				DECA310225FEFBE000F94C8C /* APIDemo.xcdatamodel */,
			);
			currentVersion = DECA310225FEFBE000F94C8C /* APIDemo.xcdatamodel */;
			path = KakaoSearch.xcdatamodeld;
			sourceTree = "<group>";
			versionGroupType = wrapper.xcdatamodel;
		};
/* End XCVersionGroup section */
	};
	rootObject = DECA30ED25FEFBDF00F94C8C /* Project object */;
}
